// !$*UTF8*$!
{
	archiveVersion = 1;
	classes = {
	};
	objectVersion = 56;
	objects = {

/* Begin PBXBuildFile section */
		060E531529F12A2700D4A256 /* ProductReducer.swift in Sources */ = {isa = PBXBuildFile; fileRef = 060E531429F12A2700D4A256 /* ProductReducer.swift */; };
		061EB17C29F0061100C9F422 /* ShoppingCartApp.swift in Sources */ = {isa = PBXBuildFile; fileRef = 061EB17B29F0061100C9F422 /* ShoppingCartApp.swift */; };
		061EB18029F0061300C9F422 /* Assets.xcassets in Resources */ = {isa = PBXBuildFile; fileRef = 061EB17F29F0061300C9F422 /* Assets.xcassets */; };
		061EB18329F0061300C9F422 /* Preview Assets.xcassets in Resources */ = {isa = PBXBuildFile; fileRef = 061EB18229F0061300C9F422 /* Preview Assets.xcassets */; };
		061EB18D29F0061400C9F422 /* ShoppingCartTests.swift in Sources */ = {isa = PBXBuildFile; fileRef = 061EB18C29F0061400C9F422 /* ShoppingCartTests.swift */; };
		061EB19729F0061400C9F422 /* ShoppingCartUITests.swift in Sources */ = {isa = PBXBuildFile; fileRef = 061EB19629F0061400C9F422 /* ShoppingCartUITests.swift */; };
		061EB19929F0061400C9F422 /* ShoppingCartUITestsLaunchTests.swift in Sources */ = {isa = PBXBuildFile; fileRef = 061EB19829F0061400C9F422 /* ShoppingCartUITestsLaunchTests.swift */; };
		061EB1A729F0074300C9F422 /* ComposableArchitecture in Frameworks */ = {isa = PBXBuildFile; productRef = 061EB1A629F0074300C9F422 /* ComposableArchitecture */; };
		061EB1A929F0156400C9F422 /* AddToCartReducer.swift in Sources */ = {isa = PBXBuildFile; fileRef = 061EB1A829F0156400C9F422 /* AddToCartReducer.swift */; };
		061EB1AB29F0168E00C9F422 /* PlusMinusButton.swift in Sources */ = {isa = PBXBuildFile; fileRef = 061EB1AA29F0168E00C9F422 /* PlusMinusButton.swift */; };
		061EB1AF29F017AA00C9F422 /* AddToCartButton.swift in Sources */ = {isa = PBXBuildFile; fileRef = 061EB1AE29F017AA00C9F422 /* AddToCartButton.swift */; };
		061EB1B129F01B4500C9F422 /* products.json in Resources */ = {isa = PBXBuildFile; fileRef = 061EB1B029F01B4500C9F422 /* products.json */; };
		061EB1B329F01C9700C9F422 /* ProductData.swift in Sources */ = {isa = PBXBuildFile; fileRef = 061EB1B229F01C9700C9F422 /* ProductData.swift */; };
		064F84CD29F467EF00386985 /* ProductListClient.swift in Sources */ = {isa = PBXBuildFile; fileRef = 064F84CC29F467EF00386985 /* ProductListClient.swift */; };
		064F84D029F46BF100386985 /* WebService in Frameworks */ = {isa = PBXBuildFile; productRef = 064F84CF29F46BF100386985 /* WebService */; };
		064F84D229F46C2200386985 /* ProductService.swift in Sources */ = {isa = PBXBuildFile; fileRef = 064F84D129F46C2200386985 /* ProductService.swift */; };
		064F84D429F46C5C00386985 /* NetworkError.swift in Sources */ = {isa = PBXBuildFile; fileRef = 064F84D329F46C5C00386985 /* NetworkError.swift */; };
		0655573829F5C35E00B71B1E /* ProductListView.swift in Sources */ = {isa = PBXBuildFile; fileRef = 0655573729F5C35E00B71B1E /* ProductListView.swift */; };
		065E7E9829F9979300DEF631 /* AddToCartStoreTest.swift in Sources */ = {isa = PBXBuildFile; fileRef = 065E7E9729F9979300DEF631 /* AddToCartStoreTest.swift */; };
		069BF6E929F3093E00CDA789 /* ProductListReducer.swift in Sources */ = {isa = PBXBuildFile; fileRef = 069BF6E829F3093E00CDA789 /* ProductListReducer.swift */; };
		06CC2BCD29F59BE200E8378B /* URLRequestBuilder in Frameworks */ = {isa = PBXBuildFile; productRef = 06CC2BCC29F59BE200E8378B /* URLRequestBuilder */; };
		06CC2BD029F59CE400E8378B /* EndPoints.swift in Sources */ = {isa = PBXBuildFile; fileRef = 06CC2BCF29F59CE400E8378B /* EndPoints.swift */; };
		06FB25E629F0553D001D5B34 /* MockDataBuilder in Frameworks */ = {isa = PBXBuildFile; productRef = 06FB25E529F0553D001D5B34 /* MockDataBuilder */; };
		06FCD3B829F198F9003394C4 /* ProductCell.swift in Sources */ = {isa = PBXBuildFile; fileRef = 06FCD3B729F198F9003394C4 /* ProductCell.swift */; };
/* End PBXBuildFile section */

/* Begin PBXContainerItemProxy section */
		061EB18929F0061400C9F422 /* PBXContainerItemProxy */ = {
			isa = PBXContainerItemProxy;
			containerPortal = 061EB17029F0061100C9F422 /* Project object */;
			proxyType = 1;
			remoteGlobalIDString = 061EB17729F0061100C9F422;
			remoteInfo = ShoppingCart;
		};
		061EB19329F0061400C9F422 /* PBXContainerItemProxy */ = {
			isa = PBXContainerItemProxy;
			containerPortal = 061EB17029F0061100C9F422 /* Project object */;
			proxyType = 1;
			remoteGlobalIDString = 061EB17729F0061100C9F422;
			remoteInfo = ShoppingCart;
		};
/* End PBXContainerItemProxy section */

/* Begin PBXFileReference section */
		060E531429F12A2700D4A256 /* ProductReducer.swift */ = {isa = PBXFileReference; lastKnownFileType = sourcecode.swift; path = ProductReducer.swift; sourceTree = "<group>"; };
		061EB17829F0061100C9F422 /* ShoppingCart.app */ = {isa = PBXFileReference; explicitFileType = wrapper.application; includeInIndex = 0; path = ShoppingCart.app; sourceTree = BUILT_PRODUCTS_DIR; };
		061EB17B29F0061100C9F422 /* ShoppingCartApp.swift */ = {isa = PBXFileReference; lastKnownFileType = sourcecode.swift; path = ShoppingCartApp.swift; sourceTree = "<group>"; };
		061EB17F29F0061300C9F422 /* Assets.xcassets */ = {isa = PBXFileReference; lastKnownFileType = folder.assetcatalog; path = Assets.xcassets; sourceTree = "<group>"; };
		061EB18229F0061300C9F422 /* Preview Assets.xcassets */ = {isa = PBXFileReference; lastKnownFileType = folder.assetcatalog; path = "Preview Assets.xcassets"; sourceTree = "<group>"; };
		061EB18829F0061400C9F422 /* ShoppingCartTests.xctest */ = {isa = PBXFileReference; explicitFileType = wrapper.cfbundle; includeInIndex = 0; path = ShoppingCartTests.xctest; sourceTree = BUILT_PRODUCTS_DIR; };
		061EB18C29F0061400C9F422 /* ShoppingCartTests.swift */ = {isa = PBXFileReference; lastKnownFileType = sourcecode.swift; path = ShoppingCartTests.swift; sourceTree = "<group>"; };
		061EB19229F0061400C9F422 /* ShoppingCartUITests.xctest */ = {isa = PBXFileReference; explicitFileType = wrapper.cfbundle; includeInIndex = 0; path = ShoppingCartUITests.xctest; sourceTree = BUILT_PRODUCTS_DIR; };
		061EB19629F0061400C9F422 /* ShoppingCartUITests.swift */ = {isa = PBXFileReference; lastKnownFileType = sourcecode.swift; path = ShoppingCartUITests.swift; sourceTree = "<group>"; };
		061EB19829F0061400C9F422 /* ShoppingCartUITestsLaunchTests.swift */ = {isa = PBXFileReference; lastKnownFileType = sourcecode.swift; path = ShoppingCartUITestsLaunchTests.swift; sourceTree = "<group>"; };
		061EB1A829F0156400C9F422 /* AddToCartReducer.swift */ = {isa = PBXFileReference; lastKnownFileType = sourcecode.swift; path = AddToCartReducer.swift; sourceTree = "<group>"; };
		061EB1AA29F0168E00C9F422 /* PlusMinusButton.swift */ = {isa = PBXFileReference; lastKnownFileType = sourcecode.swift; path = PlusMinusButton.swift; sourceTree = "<group>"; };
		061EB1AE29F017AA00C9F422 /* AddToCartButton.swift */ = {isa = PBXFileReference; lastKnownFileType = sourcecode.swift; path = AddToCartButton.swift; sourceTree = "<group>"; };
		061EB1B029F01B4500C9F422 /* products.json */ = {isa = PBXFileReference; fileEncoding = 4; lastKnownFileType = text.json; path = products.json; sourceTree = "<group>"; };
		061EB1B229F01C9700C9F422 /* ProductData.swift */ = {isa = PBXFileReference; lastKnownFileType = sourcecode.swift; path = ProductData.swift; sourceTree = "<group>"; };
		064F84CC29F467EF00386985 /* ProductListClient.swift */ = {isa = PBXFileReference; lastKnownFileType = sourcecode.swift; path = ProductListClient.swift; sourceTree = "<group>"; };
		064F84D129F46C2200386985 /* ProductService.swift */ = {isa = PBXFileReference; lastKnownFileType = sourcecode.swift; path = ProductService.swift; sourceTree = "<group>"; };
		064F84D329F46C5C00386985 /* NetworkError.swift */ = {isa = PBXFileReference; fileEncoding = 4; lastKnownFileType = sourcecode.swift; path = NetworkError.swift; sourceTree = "<group>"; };
		0655573729F5C35E00B71B1E /* ProductListView.swift */ = {isa = PBXFileReference; lastKnownFileType = sourcecode.swift; path = ProductListView.swift; sourceTree = "<group>"; };
		065E7E9729F9979300DEF631 /* AddToCartStoreTest.swift */ = {isa = PBXFileReference; lastKnownFileType = sourcecode.swift; path = AddToCartStoreTest.swift; sourceTree = "<group>"; };
		069BF6E829F3093E00CDA789 /* ProductListReducer.swift */ = {isa = PBXFileReference; lastKnownFileType = sourcecode.swift; path = ProductListReducer.swift; sourceTree = "<group>"; };
		06CC2BCF29F59CE400E8378B /* EndPoints.swift */ = {isa = PBXFileReference; fileEncoding = 4; lastKnownFileType = sourcecode.swift; path = EndPoints.swift; sourceTree = "<group>"; };
		06FCD3B729F198F9003394C4 /* ProductCell.swift */ = {isa = PBXFileReference; lastKnownFileType = sourcecode.swift; path = ProductCell.swift; sourceTree = "<group>"; };
/* End PBXFileReference section */

/* Begin PBXFrameworksBuildPhase section */
		061EB17529F0061100C9F422 /* Frameworks */ = {
			isa = PBXFrameworksBuildPhase;
			buildActionMask = 2147483647;
			files = (
				06CC2BCD29F59BE200E8378B /* URLRequestBuilder in Frameworks */,
				064F84D029F46BF100386985 /* WebService in Frameworks */,
				06FB25E629F0553D001D5B34 /* MockDataBuilder in Frameworks */,
				061EB1A729F0074300C9F422 /* ComposableArchitecture in Frameworks */,
			);
			runOnlyForDeploymentPostprocessing = 0;
		};
		061EB18529F0061400C9F422 /* Frameworks */ = {
			isa = PBXFrameworksBuildPhase;
			buildActionMask = 2147483647;
			files = (
			);
			runOnlyForDeploymentPostprocessing = 0;
		};
		061EB18F29F0061400C9F422 /* Frameworks */ = {
			isa = PBXFrameworksBuildPhase;
			buildActionMask = 2147483647;
			files = (
			);
			runOnlyForDeploymentPostprocessing = 0;
		};
/* End PBXFrameworksBuildPhase section */

/* Begin PBXGroup section */
		061EB16F29F0061100C9F422 = {
			isa = PBXGroup;
			children = (
				061EB17A29F0061100C9F422 /* ShoppingCart */,
				061EB18B29F0061400C9F422 /* ShoppingCartTests */,
				061EB19529F0061400C9F422 /* ShoppingCartUITests */,
				061EB17929F0061100C9F422 /* Products */,
			);
			sourceTree = "<group>";
		};
		061EB17929F0061100C9F422 /* Products */ = {
			isa = PBXGroup;
			children = (
				061EB17829F0061100C9F422 /* ShoppingCart.app */,
				061EB18829F0061400C9F422 /* ShoppingCartTests.xctest */,
				061EB19229F0061400C9F422 /* ShoppingCartUITests.xctest */,
			);
			name = Products;
			sourceTree = "<group>";
		};
		061EB17A29F0061100C9F422 /* ShoppingCart */ = {
			isa = PBXGroup;
			children = (
				069BF6E229F2F74500CDA789 /* Domain */,
				069BF6E529F2F7A400CDA789 /* Main */,
				069BF6E629F2F7BE00CDA789 /* Resources */,
				061EB18129F0061300C9F422 /* Preview Content */,
			);
			path = ShoppingCart;
			sourceTree = "<group>";
		};
		061EB18129F0061300C9F422 /* Preview Content */ = {
			isa = PBXGroup;
			children = (
				061EB18229F0061300C9F422 /* Preview Assets.xcassets */,
			);
			path = "Preview Content";
			sourceTree = "<group>";
		};
		061EB18B29F0061400C9F422 /* ShoppingCartTests */ = {
			isa = PBXGroup;
			children = (
				061EB18C29F0061400C9F422 /* ShoppingCartTests.swift */,
				065E7E9729F9979300DEF631 /* AddToCartStoreTest.swift */,
			);
			path = ShoppingCartTests;
			sourceTree = "<group>";
		};
		061EB19529F0061400C9F422 /* ShoppingCartUITests */ = {
			isa = PBXGroup;
			children = (
				061EB19629F0061400C9F422 /* ShoppingCartUITests.swift */,
				061EB19829F0061400C9F422 /* ShoppingCartUITestsLaunchTests.swift */,
			);
			path = ShoppingCartUITests;
			sourceTree = "<group>";
		};
		069BF6E229F2F74500CDA789 /* Domain */ = {
			isa = PBXGroup;
			children = (
				069BF6E729F3092500CDA789 /* ProductList */,
				069BF6E429F2F76F00CDA789 /* Product */,
				069BF6E329F2F74D00CDA789 /* AddToCart */,
				06CC2BCE29F59CCB00E8378B /* Core */,
			);
			path = Domain;
			sourceTree = "<group>";
		};
		069BF6E329F2F74D00CDA789 /* AddToCart */ = {
			isa = PBXGroup;
			children = (
				061EB1A829F0156400C9F422 /* AddToCartReducer.swift */,
				061EB1AE29F017AA00C9F422 /* AddToCartButton.swift */,
				061EB1AA29F0168E00C9F422 /* PlusMinusButton.swift */,
			);
			path = AddToCart;
			sourceTree = "<group>";
		};
		069BF6E429F2F76F00CDA789 /* Product */ = {
			isa = PBXGroup;
			children = (
				060E531429F12A2700D4A256 /* ProductReducer.swift */,
				06FCD3B729F198F9003394C4 /* ProductCell.swift */,
				061EB1B229F01C9700C9F422 /* ProductData.swift */,
				061EB1B029F01B4500C9F422 /* products.json */,
			);
			path = Product;
			sourceTree = "<group>";
		};
		069BF6E529F2F7A400CDA789 /* Main */ = {
			isa = PBXGroup;
			children = (
				061EB17B29F0061100C9F422 /* ShoppingCartApp.swift */,
			);
			path = Main;
			sourceTree = "<group>";
		};
		069BF6E629F2F7BE00CDA789 /* Resources */ = {
			isa = PBXGroup;
			children = (
				061EB17F29F0061300C9F422 /* Assets.xcassets */,
			);
			path = Resources;
			sourceTree = "<group>";
		};
		069BF6E729F3092500CDA789 /* ProductList */ = {
			isa = PBXGroup;
			children = (
				069BF6E829F3093E00CDA789 /* ProductListReducer.swift */,
				064F84CC29F467EF00386985 /* ProductListClient.swift */,
				064F84D129F46C2200386985 /* ProductService.swift */,
				0655573729F5C35E00B71B1E /* ProductListView.swift */,
			);
			path = ProductList;
			sourceTree = "<group>";
		};
		06CC2BCE29F59CCB00E8378B /* Core */ = {
			isa = PBXGroup;
			children = (
				064F84D329F46C5C00386985 /* NetworkError.swift */,
				06CC2BCF29F59CE400E8378B /* EndPoints.swift */,
			);
			path = Core;
			sourceTree = "<group>";
		};
/* End PBXGroup section */

/* Begin PBXNativeTarget section */
		061EB17729F0061100C9F422 /* ShoppingCart */ = {
			isa = PBXNativeTarget;
			buildConfigurationList = 061EB19C29F0061400C9F422 /* Build configuration list for PBXNativeTarget "ShoppingCart" */;
			buildPhases = (
				061EB17429F0061100C9F422 /* Sources */,
				061EB17529F0061100C9F422 /* Frameworks */,
				061EB17629F0061100C9F422 /* Resources */,
			);
			buildRules = (
			);
			dependencies = (
			);
			name = ShoppingCart;
			packageProductDependencies = (
				061EB1A629F0074300C9F422 /* ComposableArchitecture */,
				06FB25E529F0553D001D5B34 /* MockDataBuilder */,
				064F84CF29F46BF100386985 /* WebService */,
				06CC2BCC29F59BE200E8378B /* URLRequestBuilder */,
			);
			productName = ShoppingCart;
			productReference = 061EB17829F0061100C9F422 /* ShoppingCart.app */;
			productType = "com.apple.product-type.application";
		};
		061EB18729F0061400C9F422 /* ShoppingCartTests */ = {
			isa = PBXNativeTarget;
			buildConfigurationList = 061EB19F29F0061400C9F422 /* Build configuration list for PBXNativeTarget "ShoppingCartTests" */;
			buildPhases = (
				061EB18429F0061400C9F422 /* Sources */,
				061EB18529F0061400C9F422 /* Frameworks */,
				061EB18629F0061400C9F422 /* Resources */,
			);
			buildRules = (
			);
			dependencies = (
				061EB18A29F0061400C9F422 /* PBXTargetDependency */,
			);
			name = ShoppingCartTests;
			productName = ShoppingCartTests;
			productReference = 061EB18829F0061400C9F422 /* ShoppingCartTests.xctest */;
			productType = "com.apple.product-type.bundle.unit-test";
		};
		061EB19129F0061400C9F422 /* ShoppingCartUITests */ = {
			isa = PBXNativeTarget;
			buildConfigurationList = 061EB1A229F0061400C9F422 /* Build configuration list for PBXNativeTarget "ShoppingCartUITests" */;
			buildPhases = (
				061EB18E29F0061400C9F422 /* Sources */,
				061EB18F29F0061400C9F422 /* Frameworks */,
				061EB19029F0061400C9F422 /* Resources */,
			);
			buildRules = (
			);
			dependencies = (
				061EB19429F0061400C9F422 /* PBXTargetDependency */,
			);
			name = ShoppingCartUITests;
			productName = ShoppingCartUITests;
			productReference = 061EB19229F0061400C9F422 /* ShoppingCartUITests.xctest */;
			productType = "com.apple.product-type.bundle.ui-testing";
		};
/* End PBXNativeTarget section */

/* Begin PBXProject section */
		061EB17029F0061100C9F422 /* Project object */ = {
			isa = PBXProject;
			attributes = {
				BuildIndependentTargetsInParallel = 1;
				LastSwiftUpdateCheck = 1420;
				LastUpgradeCheck = 1420;
				TargetAttributes = {
					061EB17729F0061100C9F422 = {
						CreatedOnToolsVersion = 14.2;
					};
					061EB18729F0061400C9F422 = {
						CreatedOnToolsVersion = 14.2;
						TestTargetID = 061EB17729F0061100C9F422;
					};
					061EB19129F0061400C9F422 = {
						CreatedOnToolsVersion = 14.2;
						TestTargetID = 061EB17729F0061100C9F422;
					};
				};
			};
			buildConfigurationList = 061EB17329F0061100C9F422 /* Build configuration list for PBXProject "ShoppingCart" */;
			compatibilityVersion = "Xcode 14.0";
			developmentRegion = en;
			hasScannedForEncodings = 0;
			knownRegions = (
				en,
				Base,
			);
			mainGroup = 061EB16F29F0061100C9F422;
			packageReferences = (
				061EB1A529F0074300C9F422 /* XCRemoteSwiftPackageReference "swift-composable-architecture" */,
				06FB25E429F0553D001D5B34 /* XCRemoteSwiftPackageReference "MockDataBuilder" */,
				064F84CE29F46BF100386985 /* XCRemoteSwiftPackageReference "WebService" */,
				06CC2BCB29F59BE200E8378B /* XCRemoteSwiftPackageReference "URLRequestBuilder" */,
			);
			productRefGroup = 061EB17929F0061100C9F422 /* Products */;
			projectDirPath = "";
			projectRoot = "";
			targets = (
				061EB17729F0061100C9F422 /* ShoppingCart */,
				061EB18729F0061400C9F422 /* ShoppingCartTests */,
				061EB19129F0061400C9F422 /* ShoppingCartUITests */,
			);
		};
/* End PBXProject section */

/* Begin PBXResourcesBuildPhase section */
		061EB17629F0061100C9F422 /* Resources */ = {
			isa = PBXResourcesBuildPhase;
			buildActionMask = 2147483647;
			files = (
				061EB1B129F01B4500C9F422 /* products.json in Resources */,
				061EB18329F0061300C9F422 /* Preview Assets.xcassets in Resources */,
				061EB18029F0061300C9F422 /* Assets.xcassets in Resources */,
			);
			runOnlyForDeploymentPostprocessing = 0;
		};
		061EB18629F0061400C9F422 /* Resources */ = {
			isa = PBXResourcesBuildPhase;
			buildActionMask = 2147483647;
			files = (
			);
			runOnlyForDeploymentPostprocessing = 0;
		};
		061EB19029F0061400C9F422 /* Resources */ = {
			isa = PBXResourcesBuildPhase;
			buildActionMask = 2147483647;
			files = (
			);
			runOnlyForDeploymentPostprocessing = 0;
		};
/* End PBXResourcesBuildPhase section */

/* Begin PBXSourcesBuildPhase section */
		061EB17429F0061100C9F422 /* Sources */ = {
			isa = PBXSourcesBuildPhase;
			buildActionMask = 2147483647;
			files = (
				061EB1AB29F0168E00C9F422 /* PlusMinusButton.swift in Sources */,
				064F84CD29F467EF00386985 /* ProductListClient.swift in Sources */,
				061EB1A929F0156400C9F422 /* AddToCartReducer.swift in Sources */,
				069BF6E929F3093E00CDA789 /* ProductListReducer.swift in Sources */,
				061EB17C29F0061100C9F422 /* ShoppingCartApp.swift in Sources */,
				061EB1AF29F017AA00C9F422 /* AddToCartButton.swift in Sources */,
				06FCD3B829F198F9003394C4 /* ProductCell.swift in Sources */,
				061EB1B329F01C9700C9F422 /* ProductData.swift in Sources */,
				060E531529F12A2700D4A256 /* ProductReducer.swift in Sources */,
				0655573829F5C35E00B71B1E /* ProductListView.swift in Sources */,
				064F84D429F46C5C00386985 /* NetworkError.swift in Sources */,
				06CC2BD029F59CE400E8378B /* EndPoints.swift in Sources */,
				064F84D229F46C2200386985 /* ProductService.swift in Sources */,
			);
			runOnlyForDeploymentPostprocessing = 0;
		};
		061EB18429F0061400C9F422 /* Sources */ = {
			isa = PBXSourcesBuildPhase;
			buildActionMask = 2147483647;
			files = (
				065E7E9829F9979300DEF631 /* AddToCartStoreTest.swift in Sources */,
				061EB18D29F0061400C9F422 /* ShoppingCartTests.swift in Sources */,
			);
			runOnlyForDeploymentPostprocessing = 0;
		};
		061EB18E29F0061400C9F422 /* Sources */ = {
			isa = PBXSourcesBuildPhase;
			buildActionMask = 2147483647;
			files = (
				061EB19929F0061400C9F422 /* ShoppingCartUITestsLaunchTests.swift in Sources */,
				061EB19729F0061400C9F422 /* ShoppingCartUITests.swift in Sources */,
			);
			runOnlyForDeploymentPostprocessing = 0;
		};
/* End PBXSourcesBuildPhase section */

/* Begin PBXTargetDependency section */
		061EB18A29F0061400C9F422 /* PBXTargetDependency */ = {
			isa = PBXTargetDependency;
			target = 061EB17729F0061100C9F422 /* ShoppingCart */;
			targetProxy = 061EB18929F0061400C9F422 /* PBXContainerItemProxy */;
		};
		061EB19429F0061400C9F422 /* PBXTargetDependency */ = {
			isa = PBXTargetDependency;
			target = 061EB17729F0061100C9F422 /* ShoppingCart */;
			targetProxy = 061EB19329F0061400C9F422 /* PBXContainerItemProxy */;
		};
/* End PBXTargetDependency section */

/* Begin XCBuildConfiguration section */
		061EB19A29F0061400C9F422 /* Debug */ = {
			isa = XCBuildConfiguration;
			buildSettings = {
				ALWAYS_SEARCH_USER_PATHS = NO;
				CLANG_ANALYZER_NONNULL = YES;
				CLANG_ANALYZER_NUMBER_OBJECT_CONVERSION = YES_AGGRESSIVE;
				CLANG_CXX_LANGUAGE_STANDARD = "gnu++20";
				CLANG_ENABLE_MODULES = YES;
				CLANG_ENABLE_OBJC_ARC = YES;
				CLANG_ENABLE_OBJC_WEAK = YES;
				CLANG_WARN_BLOCK_CAPTURE_AUTORELEASING = YES;
				CLANG_WARN_BOOL_CONVERSION = YES;
				CLANG_WARN_COMMA = YES;
				CLANG_WARN_CONSTANT_CONVERSION = YES;
				CLANG_WARN_DEPRECATED_OBJC_IMPLEMENTATIONS = YES;
				CLANG_WARN_DIRECT_OBJC_ISA_USAGE = YES_ERROR;
				CLANG_WARN_DOCUMENTATION_COMMENTS = YES;
				CLANG_WARN_EMPTY_BODY = YES;
				CLANG_WARN_ENUM_CONVERSION = YES;
				CLANG_WARN_INFINITE_RECURSION = YES;
				CLANG_WARN_INT_CONVERSION = YES;
				CLANG_WARN_NON_LITERAL_NULL_CONVERSION = YES;
				CLANG_WARN_OBJC_IMPLICIT_RETAIN_SELF = YES;
				CLANG_WARN_OBJC_LITERAL_CONVERSION = YES;
				CLANG_WARN_OBJC_ROOT_CLASS = YES_ERROR;
				CLANG_WARN_QUOTED_INCLUDE_IN_FRAMEWORK_HEADER = YES;
				CLANG_WARN_RANGE_LOOP_ANALYSIS = YES;
				CLANG_WARN_STRICT_PROTOTYPES = YES;
				CLANG_WARN_SUSPICIOUS_MOVE = YES;
				CLANG_WARN_UNGUARDED_AVAILABILITY = YES_AGGRESSIVE;
				CLANG_WARN_UNREACHABLE_CODE = YES;
				CLANG_WARN__DUPLICATE_METHOD_MATCH = YES;
				COPY_PHASE_STRIP = NO;
				DEBUG_INFORMATION_FORMAT = dwarf;
				ENABLE_STRICT_OBJC_MSGSEND = YES;
				ENABLE_TESTABILITY = YES;
				GCC_C_LANGUAGE_STANDARD = gnu11;
				GCC_DYNAMIC_NO_PIC = NO;
				GCC_NO_COMMON_BLOCKS = YES;
				GCC_OPTIMIZATION_LEVEL = 0;
				GCC_PREPROCESSOR_DEFINITIONS = (
					"DEBUG=1",
					"$(inherited)",
				);
				GCC_WARN_64_TO_32_BIT_CONVERSION = YES;
				GCC_WARN_ABOUT_RETURN_TYPE = YES_ERROR;
				GCC_WARN_UNDECLARED_SELECTOR = YES;
				GCC_WARN_UNINITIALIZED_AUTOS = YES_AGGRESSIVE;
				GCC_WARN_UNUSED_FUNCTION = YES;
				GCC_WARN_UNUSED_VARIABLE = YES;
				IPHONEOS_DEPLOYMENT_TARGET = 16.2;
				MTL_ENABLE_DEBUG_INFO = INCLUDE_SOURCE;
				MTL_FAST_MATH = YES;
				ONLY_ACTIVE_ARCH = YES;
				SDKROOT = iphoneos;
				SWIFT_ACTIVE_COMPILATION_CONDITIONS = DEBUG;
				SWIFT_OPTIMIZATION_LEVEL = "-Onone";
			};
			name = Debug;
		};
		061EB19B29F0061400C9F422 /* Release */ = {
			isa = XCBuildConfiguration;
			buildSettings = {
				ALWAYS_SEARCH_USER_PATHS = NO;
				CLANG_ANALYZER_NONNULL = YES;
				CLANG_ANALYZER_NUMBER_OBJECT_CONVERSION = YES_AGGRESSIVE;
				CLANG_CXX_LANGUAGE_STANDARD = "gnu++20";
				CLANG_ENABLE_MODULES = YES;
				CLANG_ENABLE_OBJC_ARC = YES;
				CLANG_ENABLE_OBJC_WEAK = YES;
				CLANG_WARN_BLOCK_CAPTURE_AUTORELEASING = YES;
				CLANG_WARN_BOOL_CONVERSION = YES;
				CLANG_WARN_COMMA = YES;
				CLANG_WARN_CONSTANT_CONVERSION = YES;
				CLANG_WARN_DEPRECATED_OBJC_IMPLEMENTATIONS = YES;
				CLANG_WARN_DIRECT_OBJC_ISA_USAGE = YES_ERROR;
				CLANG_WARN_DOCUMENTATION_COMMENTS = YES;
				CLANG_WARN_EMPTY_BODY = YES;
				CLANG_WARN_ENUM_CONVERSION = YES;
				CLANG_WARN_INFINITE_RECURSION = YES;
				CLANG_WARN_INT_CONVERSION = YES;
				CLANG_WARN_NON_LITERAL_NULL_CONVERSION = YES;
				CLANG_WARN_OBJC_IMPLICIT_RETAIN_SELF = YES;
				CLANG_WARN_OBJC_LITERAL_CONVERSION = YES;
				CLANG_WARN_OBJC_ROOT_CLASS = YES_ERROR;
				CLANG_WARN_QUOTED_INCLUDE_IN_FRAMEWORK_HEADER = YES;
				CLANG_WARN_RANGE_LOOP_ANALYSIS = YES;
				CLANG_WARN_STRICT_PROTOTYPES = YES;
				CLANG_WARN_SUSPICIOUS_MOVE = YES;
				CLANG_WARN_UNGUARDED_AVAILABILITY = YES_AGGRESSIVE;
				CLANG_WARN_UNREACHABLE_CODE = YES;
				CLANG_WARN__DUPLICATE_METHOD_MATCH = YES;
				COPY_PHASE_STRIP = NO;
				DEBUG_INFORMATION_FORMAT = "dwarf-with-dsym";
				ENABLE_NS_ASSERTIONS = NO;
				ENABLE_STRICT_OBJC_MSGSEND = YES;
				GCC_C_LANGUAGE_STANDARD = gnu11;
				GCC_NO_COMMON_BLOCKS = YES;
				GCC_WARN_64_TO_32_BIT_CONVERSION = YES;
				GCC_WARN_ABOUT_RETURN_TYPE = YES_ERROR;
				GCC_WARN_UNDECLARED_SELECTOR = YES;
				GCC_WARN_UNINITIALIZED_AUTOS = YES_AGGRESSIVE;
				GCC_WARN_UNUSED_FUNCTION = YES;
				GCC_WARN_UNUSED_VARIABLE = YES;
				IPHONEOS_DEPLOYMENT_TARGET = 16.2;
				MTL_ENABLE_DEBUG_INFO = NO;
				MTL_FAST_MATH = YES;
				SDKROOT = iphoneos;
				SWIFT_COMPILATION_MODE = wholemodule;
				SWIFT_OPTIMIZATION_LEVEL = "-O";
				VALIDATE_PRODUCT = YES;
			};
			name = Release;
		};
		061EB19D29F0061400C9F422 /* Debug */ = {
			isa = XCBuildConfiguration;
			buildSettings = {
				ASSETCATALOG_COMPILER_APPICON_NAME = AppIcon;
				ASSETCATALOG_COMPILER_GLOBAL_ACCENT_COLOR_NAME = AccentColor;
				CODE_SIGN_STYLE = Automatic;
				CURRENT_PROJECT_VERSION = 1;
				DEVELOPMENT_ASSET_PATHS = "\"ShoppingCart/Preview Content\"";
				DEVELOPMENT_TEAM = PFWDJTA42U;
				ENABLE_PREVIEWS = YES;
				GENERATE_INFOPLIST_FILE = YES;
				INFOPLIST_KEY_UIApplicationSceneManifest_Generation = YES;
				INFOPLIST_KEY_UIApplicationSupportsIndirectInputEvents = YES;
				INFOPLIST_KEY_UILaunchScreen_Generation = YES;
				INFOPLIST_KEY_UISupportedInterfaceOrientations_iPad = "UIInterfaceOrientationPortrait UIInterfaceOrientationPortraitUpsideDown UIInterfaceOrientationLandscapeLeft UIInterfaceOrientationLandscapeRight";
				INFOPLIST_KEY_UISupportedInterfaceOrientations_iPhone = "UIInterfaceOrientationPortrait UIInterfaceOrientationLandscapeLeft UIInterfaceOrientationLandscapeRight";
				LD_RUNPATH_SEARCH_PATHS = (
					"$(inherited)",
					"@executable_path/Frameworks",
				);
				MARKETING_VERSION = 1.0;
				PRODUCT_BUNDLE_IDENTIFIER = com.sid.shoppingcart.ShoppingCart;
				PRODUCT_NAME = "$(TARGET_NAME)";
				SWIFT_EMIT_LOC_STRINGS = YES;
				SWIFT_VERSION = 5.0;
				TARGETED_DEVICE_FAMILY = "1,2";
			};
			name = Debug;
		};
		061EB19E29F0061400C9F422 /* Release */ = {
			isa = XCBuildConfiguration;
			buildSettings = {
				ASSETCATALOG_COMPILER_APPICON_NAME = AppIcon;
				ASSETCATALOG_COMPILER_GLOBAL_ACCENT_COLOR_NAME = AccentColor;
				CODE_SIGN_STYLE = Automatic;
				CURRENT_PROJECT_VERSION = 1;
				DEVELOPMENT_ASSET_PATHS = "\"ShoppingCart/Preview Content\"";
				DEVELOPMENT_TEAM = PFWDJTA42U;
				ENABLE_PREVIEWS = YES;
				GENERATE_INFOPLIST_FILE = YES;
				INFOPLIST_KEY_UIApplicationSceneManifest_Generation = YES;
				INFOPLIST_KEY_UIApplicationSupportsIndirectInputEvents = YES;
				INFOPLIST_KEY_UILaunchScreen_Generation = YES;
				INFOPLIST_KEY_UISupportedInterfaceOrientations_iPad = "UIInterfaceOrientationPortrait UIInterfaceOrientationPortraitUpsideDown UIInterfaceOrientationLandscapeLeft UIInterfaceOrientationLandscapeRight";
				INFOPLIST_KEY_UISupportedInterfaceOrientations_iPhone = "UIInterfaceOrientationPortrait UIInterfaceOrientationLandscapeLeft UIInterfaceOrientationLandscapeRight";
				LD_RUNPATH_SEARCH_PATHS = (
					"$(inherited)",
					"@executable_path/Frameworks",
				);
				MARKETING_VERSION = 1.0;
				PRODUCT_BUNDLE_IDENTIFIER = com.sid.shoppingcart.ShoppingCart;
				PRODUCT_NAME = "$(TARGET_NAME)";
				SWIFT_EMIT_LOC_STRINGS = YES;
				SWIFT_VERSION = 5.0;
				TARGETED_DEVICE_FAMILY = "1,2";
			};
			name = Release;
		};
		061EB1A029F0061400C9F422 /* Debug */ = {
			isa = XCBuildConfiguration;
			buildSettings = {
				ALWAYS_EMBED_SWIFT_STANDARD_LIBRARIES = YES;
				BUNDLE_LOADER = "$(TEST_HOST)";
				CODE_SIGN_STYLE = Automatic;
				CURRENT_PROJECT_VERSION = 1;
				DEVELOPMENT_TEAM = PFWDJTA42U;
				GENERATE_INFOPLIST_FILE = YES;
				IPHONEOS_DEPLOYMENT_TARGET = 16.2;
				MARKETING_VERSION = 1.0;
				PRODUCT_BUNDLE_IDENTIFIER = com.sid.shoppingcart.ShoppingCartTests;
				PRODUCT_NAME = "$(TARGET_NAME)";
				SWIFT_EMIT_LOC_STRINGS = NO;
				SWIFT_VERSION = 5.0;
				TARGETED_DEVICE_FAMILY = "1,2";
				TEST_HOST = "$(BUILT_PRODUCTS_DIR)/ShoppingCart.app/$(BUNDLE_EXECUTABLE_FOLDER_PATH)/ShoppingCart";
			};
			name = Debug;
		};
		061EB1A129F0061400C9F422 /* Release */ = {
			isa = XCBuildConfiguration;
			buildSettings = {
				ALWAYS_EMBED_SWIFT_STANDARD_LIBRARIES = YES;
				BUNDLE_LOADER = "$(TEST_HOST)";
				CODE_SIGN_STYLE = Automatic;
				CURRENT_PROJECT_VERSION = 1;
				DEVELOPMENT_TEAM = PFWDJTA42U;
				GENERATE_INFOPLIST_FILE = YES;
				IPHONEOS_DEPLOYMENT_TARGET = 16.2;
				MARKETING_VERSION = 1.0;
				PRODUCT_BUNDLE_IDENTIFIER = com.sid.shoppingcart.ShoppingCartTests;
				PRODUCT_NAME = "$(TARGET_NAME)";
				SWIFT_EMIT_LOC_STRINGS = NO;
				SWIFT_VERSION = 5.0;
				TARGETED_DEVICE_FAMILY = "1,2";
				TEST_HOST = "$(BUILT_PRODUCTS_DIR)/ShoppingCart.app/$(BUNDLE_EXECUTABLE_FOLDER_PATH)/ShoppingCart";
			};
			name = Release;
		};
		061EB1A329F0061400C9F422 /* Debug */ = {
			isa = XCBuildConfiguration;
			buildSettings = {
				ALWAYS_EMBED_SWIFT_STANDARD_LIBRARIES = YES;
				CODE_SIGN_STYLE = Automatic;
				CURRENT_PROJECT_VERSION = 1;
				DEVELOPMENT_TEAM = PFWDJTA42U;
				GENERATE_INFOPLIST_FILE = YES;
				MARKETING_VERSION = 1.0;
				PRODUCT_BUNDLE_IDENTIFIER = com.sid.shoppingcart.ShoppingCartUITests;
				PRODUCT_NAME = "$(TARGET_NAME)";
				SWIFT_EMIT_LOC_STRINGS = NO;
				SWIFT_VERSION = 5.0;
				TARGETED_DEVICE_FAMILY = "1,2";
				TEST_TARGET_NAME = ShoppingCart;
			};
			name = Debug;
		};
		061EB1A429F0061400C9F422 /* Release */ = {
			isa = XCBuildConfiguration;
			buildSettings = {
				ALWAYS_EMBED_SWIFT_STANDARD_LIBRARIES = YES;
				CODE_SIGN_STYLE = Automatic;
				CURRENT_PROJECT_VERSION = 1;
				DEVELOPMENT_TEAM = PFWDJTA42U;
				GENERATE_INFOPLIST_FILE = YES;
				MARKETING_VERSION = 1.0;
				PRODUCT_BUNDLE_IDENTIFIER = com.sid.shoppingcart.ShoppingCartUITests;
				PRODUCT_NAME = "$(TARGET_NAME)";
				SWIFT_EMIT_LOC_STRINGS = NO;
				SWIFT_VERSION = 5.0;
				TARGETED_DEVICE_FAMILY = "1,2";
				TEST_TARGET_NAME = ShoppingCart;
			};
			name = Release;
		};
/* End XCBuildConfiguration section */

/* Begin XCConfigurationList section */
		061EB17329F0061100C9F422 /* Build configuration list for PBXProject "ShoppingCart" */ = {
			isa = XCConfigurationList;
			buildConfigurations = (
				061EB19A29F0061400C9F422 /* Debug */,
				061EB19B29F0061400C9F422 /* Release */,
			);
			defaultConfigurationIsVisible = 0;
			defaultConfigurationName = Release;
		};
		061EB19C29F0061400C9F422 /* Build configuration list for PBXNativeTarget "ShoppingCart" */ = {
			isa = XCConfigurationList;
			buildConfigurations = (
				061EB19D29F0061400C9F422 /* Debug */,
				061EB19E29F0061400C9F422 /* Release */,
			);
			defaultConfigurationIsVisible = 0;
			defaultConfigurationName = Release;
		};
		061EB19F29F0061400C9F422 /* Build configuration list for PBXNativeTarget "ShoppingCartTests" */ = {
			isa = XCConfigurationList;
			buildConfigurations = (
				061EB1A029F0061400C9F422 /* Debug */,
				061EB1A129F0061400C9F422 /* Release */,
			);
			defaultConfigurationIsVisible = 0;
			defaultConfigurationName = Release;
		};
		061EB1A229F0061400C9F422 /* Build configuration list for PBXNativeTarget "ShoppingCartUITests" */ = {
			isa = XCConfigurationList;
			buildConfigurations = (
				061EB1A329F0061400C9F422 /* Debug */,
				061EB1A429F0061400C9F422 /* Release */,
			);
			defaultConfigurationIsVisible = 0;
			defaultConfigurationName = Release;
		};
/* End XCConfigurationList section */

/* Begin XCRemoteSwiftPackageReference section */
		061EB1A529F0074300C9F422 /* XCRemoteSwiftPackageReference "swift-composable-architecture" */ = {
			isa = XCRemoteSwiftPackageReference;
			repositoryURL = "https://github.com/pointfreeco/swift-composable-architecture";
			requirement = {
				branch = main;
				kind = branch;
			};
		};
		064F84CE29F46BF100386985 /* XCRemoteSwiftPackageReference "WebService" */ = {
			isa = XCRemoteSwiftPackageReference;
			repositoryURL = "https://github.com/binarysid/WebService/";
			requirement = {
				branch = main;
				kind = branch;
			};
		};
		06CC2BCB29F59BE200E8378B /* XCRemoteSwiftPackageReference "URLRequestBuilder" */ = {
			isa = XCRemoteSwiftPackageReference;
			repositoryURL = "https://github.com/binarysid/URLRequestBuilder";
			requirement = {
				branch = main;
				kind = branch;
			};
		};
		06FB25E429F0553D001D5B34 /* XCRemoteSwiftPackageReference "MockDataBuilder" */ = {
			isa = XCRemoteSwiftPackageReference;
			repositoryURL = "https://github.com/binarysid/MockDataBuilder";
			requirement = {
				branch = main;
				kind = branch;
			};
		};
/* End XCRemoteSwiftPackageReference section */

/* Begin XCSwiftPackageProductDependency section */
		061EB1A629F0074300C9F422 /* ComposableArchitecture */ = {
			isa = XCSwiftPackageProductDependency;
			package = 061EB1A529F0074300C9F422 /* XCRemoteSwiftPackageReference "swift-composable-architecture" */;
			productName = ComposableArchitecture;
		};
		064F84CF29F46BF100386985 /* WebService */ = {
			isa = XCSwiftPackageProductDependency;
			package = 064F84CE29F46BF100386985 /* XCRemoteSwiftPackageReference "WebService" */;
			productName = WebService;
		};
		06CC2BCC29F59BE200E8378B /* URLRequestBuilder */ = {
			isa = XCSwiftPackageProductDependency;
			package = 06CC2BCB29F59BE200E8378B /* XCRemoteSwiftPackageReference "URLRequestBuilder" */;
			productName = URLRequestBuilder;
		};
		06FB25E529F0553D001D5B34 /* MockDataBuilder */ = {
			isa = XCSwiftPackageProductDependency;
			package = 06FB25E429F0553D001D5B34 /* XCRemoteSwiftPackageReference "MockDataBuilder" */;
			productName = MockDataBuilder;
		};
/* End XCSwiftPackageProductDependency section */
	};
	rootObject = 061EB17029F0061100C9F422 /* Project object */;
}
